
Microsoft Visual Studio Solution File, Format Version 12.00
# Visual Studio 15
VisualStudioVersion = 15.0.28307.329
MinimumVisualStudioVersion = 10.0.40219.1
Project("{FAE04EC0-301F-11D3-BF4B-00C04F79EFBC}") = "FilmDB.Android", "FilmDB\FilmDB.Android\FilmDB.Android.csproj", "{B4B4EFEC-A4E9-4384-B61D-C8BD8E04AE75}"
EndProject
Project("{FAE04EC0-301F-11D3-BF4B-00C04F79EFBC}") = "FilmDB.iOS", "FilmDB\FilmDB.iOS\FilmDB.iOS.csproj", "{423EAF00-6111-42FF-AD1F-99012B60FAC1}"
EndProject
Project("{FAE04EC0-301F-11D3-BF4B-00C04F79EFBC}") = "FilmDB", "FilmDB\FilmDB\FilmDB.csproj", "{720FA393-B13C-4726-BD69-431580FEE93F}"
EndProject
Global
	GlobalSection(SolutionConfigurationPlatforms) = preSolution
		Ad-Hoc|Any CPU = Ad-Hoc|Any CPU
		Ad-Hoc|iPhone = Ad-Hoc|iPhone
		Ad-Hoc|iPhoneSimulator = Ad-Hoc|iPhoneSimulator
		AppStore|Any CPU = AppStore|Any CPU
		AppStore|iPhone = AppStore|iPhone
		AppStore|iPhoneSimulator = AppStore|iPhoneSimulator
		Debug|Any CPU = Debug|Any CPU
		Debug|iPhone = Debug|iPhone
		Debug|iPhoneSimulator = Debug|iPhoneSimulator
		Release|Any CPU = Release|Any CPU
		Release|iPhone = Release|iPhone
		Release|iPhoneSimulator = Release|iPhoneSimulator
	EndGlobalSection
	GlobalSection(ProjectConfigurationPlatforms) = postSolution
		{B4B4EFEC-A4E9-4384-B61D-C8BD8E04AE75}.Ad-Hoc|Any CPU.ActiveCfg = Release|Any CPU
		{B4B4EFEC-A4E9-4384-B61D-C8BD8E04AE75}.Ad-Hoc|Any CPU.Build.0 = Release|Any CPU
		{B4B4EFEC-A4E9-4384-B61D-C8BD8E04AE75}.Ad-Hoc|Any CPU.Deploy.0 = Release|Any CPU
		{B4B4EFEC-A4E9-4384-B61D-C8BD8E04AE75}.Ad-Hoc|iPhone.ActiveCfg = Release|Any CPU
		{B4B4EFEC-A4E9-4384-B61D-C8BD8E04AE75}.Ad-Hoc|iPhone.Build.0 = Release|Any CPU
		{B4B4EFEC-A4E9-4384-B61D-C8BD8E04AE75}.Ad-Hoc|iPhone.Deploy.0 = Release|Any CPU
		{B4B4EFEC-A4E9-4384-B61D-C8BD8E04AE75}.Ad-Hoc|iPhoneSimulator.ActiveCfg = Release|Any CPU
		{B4B4EFEC-A4E9-4384-B61D-C8BD8E04AE75}.Ad-Hoc|iPhoneSimulator.Build.0 = Release|Any CPU
		{B4B4EFEC-A4E9-4384-B61D-C8BD8E04AE75}.Ad-Hoc|iPhoneSimulator.Deploy.0 = Release|Any CPU
		{B4B4EFEC-A4E9-4384-B61D-C8BD8E04AE75}.AppStore|Any CPU.ActiveCfg = Release|Any CPU
		{B4B4EFEC-A4E9-4384-B61D-C8BD8E04AE75}.AppStore|Any CPU.Build.0 = Release|Any CPU
		{B4B4EFEC-A4E9-4384-B61D-C8BD8E04AE75}.AppStore|Any CPU.Deploy.0 = Release|Any CPU
		{B4B4EFEC-A4E9-4384-B61D-C8BD8E04AE75}.AppStore|iPhone.ActiveCfg = Release|Any CPU
		{B4B4EFEC-A4E9-4384-B61D-C8BD8E04AE75}.AppStore|iPhone.Build.0 = Release|Any CPU
		{B4B4EFEC-A4E9-4384-B61D-C8BD8E04AE75}.AppStore|iPhone.Deploy.0 = Release|Any CPU
		{B4B4EFEC-A4E9-4384-B61D-C8BD8E04AE75}.AppStore|iPhoneSimulator.ActiveCfg = Release|Any CPU
		{B4B4EFEC-A4E9-4384-B61D-C8BD8E04AE75}.AppStore|iPhoneSimulator.Build.0 = Release|Any CPU
		{B4B4EFEC-A4E9-4384-B61D-C8BD8E04AE75}.AppStore|iPhoneSimulator.Deploy.0 = Release|Any CPU
		{B4B4EFEC-A4E9-4384-B61D-C8BD8E04AE75}.Debug|Any CPU.ActiveCfg = Debug|Any CPU
		{B4B4EFEC-A4E9-4384-B61D-C8BD8E04AE75}.Debug|Any CPU.Build.0 = Debug|Any CPU
		{B4B4EFEC-A4E9-4384-B61D-C8BD8E04AE75}.Debug|Any CPU.Deploy.0 = Debug|Any CPU
		{B4B4EFEC-A4E9-4384-B61D-C8BD8E04AE75}.Debug|iPhone.ActiveCfg = Debug|Any CPU
		{B4B4EFEC-A4E9-4384-B61D-C8BD8E04AE75}.Debug|iPhone.Build.0 = Debug|Any CPU
		{B4B4EFEC-A4E9-4384-B61D-C8BD8E04AE75}.Debug|iPhone.Deploy.0 = Debug|Any CPU
		{B4B4EFEC-A4E9-4384-B61D-C8BD8E04AE75}.Debug|iPhoneSimulator.ActiveCfg = Debug|Any CPU
		{B4B4EFEC-A4E9-4384-B61D-C8BD8E04AE75}.Debug|iPhoneSimulator.Build.0 = Debug|Any CPU
		{B4B4EFEC-A4E9-4384-B61D-C8BD8E04AE75}.Debug|iPhoneSimulator.Deploy.0 = Debug|Any CPU
		{B4B4EFEC-A4E9-4384-B61D-C8BD8E04AE75}.Release|Any CPU.ActiveCfg = Release|Any CPU
		{B4B4EFEC-A4E9-4384-B61D-C8BD8E04AE75}.Release|Any CPU.Build.0 = Release|Any CPU
		{B4B4EFEC-A4E9-4384-B61D-C8BD8E04AE75}.Release|Any CPU.Deploy.0 = Release|Any CPU
		{B4B4EFEC-A4E9-4384-B61D-C8BD8E04AE75}.Release|iPhone.ActiveCfg = Release|Any CPU
		{B4B4EFEC-A4E9-4384-B61D-C8BD8E04AE75}.Release|iPhone.Build.0 = Release|Any CPU
		{B4B4EFEC-A4E9-4384-B61D-C8BD8E04AE75}.Release|iPhone.Deploy.0 = Release|Any CPU
		{B4B4EFEC-A4E9-4384-B61D-C8BD8E04AE75}.Release|iPhoneSimulator.ActiveCfg = Release|Any CPU
		{B4B4EFEC-A4E9-4384-B61D-C8BD8E04AE75}.Release|iPhoneSimulator.Build.0 = Release|Any CPU
		{B4B4EFEC-A4E9-4384-B61D-C8BD8E04AE75}.Release|iPhoneSimulator.Deploy.0 = Release|Any CPU
		{423EAF00-6111-42FF-AD1F-99012B60FAC1}.Ad-Hoc|Any CPU.ActiveCfg = Ad-Hoc|iPhone
		{423EAF00-6111-42FF-AD1F-99012B60FAC1}.Ad-Hoc|Any CPU.Build.0 = Ad-Hoc|iPhone
		{423EAF00-6111-42FF-AD1F-99012B60FAC1}.Ad-Hoc|Any CPU.Deploy.0 = Ad-Hoc|iPhone
		{423EAF00-6111-42FF-AD1F-99012B60FAC1}.Ad-Hoc|iPhone.ActiveCfg = Ad-Hoc|iPhone
		{423EAF00-6111-42FF-AD1F-99012B60FAC1}.Ad-Hoc|iPhone.Build.0 = Ad-Hoc|iPhone
		{423EAF00-6111-42FF-AD1F-99012B60FAC1}.Ad-Hoc|iPhone.Deploy.0 = Ad-Hoc|iPhone
		{423EAF00-6111-42FF-AD1F-99012B60FAC1}.Ad-Hoc|iPhoneSimulator.ActiveCfg = Ad-Hoc|iPhoneSimulator
		{423EAF00-6111-42FF-AD1F-99012B60FAC1}.Ad-Hoc|iPhoneSimulator.Build.0 = Ad-Hoc|iPhoneSimulator
		{423EAF00-6111-42FF-AD1F-99012B60FAC1}.Ad-Hoc|iPhoneSimulator.Deploy.0 = Ad-Hoc|iPhoneSimulator
		{423EAF00-6111-42FF-AD1F-99012B60FAC1}.AppStore|Any CPU.ActiveCfg = AppStore|iPhone
		{423EAF00-6111-42FF-AD1F-99012B60FAC1}.AppStore|Any CPU.Build.0 = AppStore|iPhone
		{423EAF00-6111-42FF-AD1F-99012B60FAC1}.AppStore|Any CPU.Deploy.0 = AppStore|iPhone
		{423EAF00-6111-42FF-AD1F-99012B60FAC1}.AppStore|iPhone.ActiveCfg = AppStore|iPhone
		{423EAF00-6111-42FF-AD1F-99012B60FAC1}.AppStore|iPhone.Build.0 = AppStore|iPhone
		{423EAF00-6111-42FF-AD1F-99012B60FAC1}.AppStore|iPhone.Deploy.0 = AppStore|iPhone
		{423EAF00-6111-42FF-AD1F-99012B60FAC1}.AppStore|iPhoneSimulator.ActiveCfg = AppStore|iPhoneSimulator
		{423EAF00-6111-42FF-AD1F-99012B60FAC1}.AppStore|iPhoneSimulator.Build.0 = AppStore|iPhoneSimulator
		{423EAF00-6111-42FF-AD1F-99012B60FAC1}.AppStore|iPhoneSimulator.Deploy.0 = AppStore|iPhoneSimulator
		{423EAF00-6111-42FF-AD1F-99012B60FAC1}.Debug|Any CPU.ActiveCfg = Debug|iPhoneSimulator
		{423EAF00-6111-42FF-AD1F-99012B60FAC1}.Debug|Any CPU.Build.0 = Debug|iPhoneSimulator
		{423EAF00-6111-42FF-AD1F-99012B60FAC1}.Debug|Any CPU.Deploy.0 = Debug|iPhoneSimulator
		{423EAF00-6111-42FF-AD1F-99012B60FAC1}.Debug|iPhone.ActiveCfg = Debug|iPhone
		{423EAF00-6111-42FF-AD1F-99012B60FAC1}.Debug|iPhone.Build.0 = Debug|iPhone
		{423EAF00-6111-42FF-AD1F-99012B60FAC1}.Debug|iPhone.Deploy.0 = Debug|iPhone
		{423EAF00-6111-42FF-AD1F-99012B60FAC1}.Debug|iPhoneSimulator.ActiveCfg = Debug|iPhoneSimulator
		{423EAF00-6111-42FF-AD1F-99012B60FAC1}.Debug|iPhoneSimulator.Build.0 = Debug|iPhoneSimulator
		{423EAF00-6111-42FF-AD1F-99012B60FAC1}.Debug|iPhoneSimulator.Deploy.0 = Debug|iPhoneSimulator
		{423EAF00-6111-42FF-AD1F-99012B60FAC1}.Release|Any CPU.ActiveCfg = Release|iPhone
		{423EAF00-6111-42FF-AD1F-99012B60FAC1}.Release|Any CPU.Build.0 = Release|iPhone
		{423EAF00-6111-42FF-AD1F-99012B60FAC1}.Release|Any CPU.Deploy.0 = Release|iPhone
		{423EAF00-6111-42FF-AD1F-99012B60FAC1}.Release|iPhone.ActiveCfg = Release|iPhone
		{423EAF00-6111-42FF-AD1F-99012B60FAC1}.Release|iPhone.Build.0 = Release|iPhone
		{423EAF00-6111-42FF-AD1F-99012B60FAC1}.Release|iPhone.Deploy.0 = Release|iPhone
		{423EAF00-6111-42FF-AD1F-99012B60FAC1}.Release|iPhoneSimulator.ActiveCfg = Release|iPhoneSimulator
		{423EAF00-6111-42FF-AD1F-99012B60FAC1}.Release|iPhoneSimulator.Build.0 = Release|iPhoneSimulator
		{423EAF00-6111-42FF-AD1F-99012B60FAC1}.Release|iPhoneSimulator.Deploy.0 = Release|iPhoneSimulator
		{720FA393-B13C-4726-BD69-431580FEE93F}.Ad-Hoc|Any CPU.ActiveCfg = Debug|Any CPU
		{720FA393-B13C-4726-BD69-431580FEE93F}.Ad-Hoc|Any CPU.Build.0 = Debug|Any CPU
		{720FA393-B13C-4726-BD69-431580FEE93F}.Ad-Hoc|Any CPU.Deploy.0 = Debug|Any CPU
		{720FA393-B13C-4726-BD69-431580FEE93F}.Ad-Hoc|iPhone.ActiveCfg = Debug|Any CPU
		{720FA393-B13C-4726-BD69-431580FEE93F}.Ad-Hoc|iPhone.Build.0 = Debug|Any CPU
		{720FA393-B13C-4726-BD69-431580FEE93F}.Ad-Hoc|iPhone.Deploy.0 = Debug|Any CPU
		{720FA393-B13C-4726-BD69-431580FEE93F}.Ad-Hoc|iPhoneSimulator.ActiveCfg = Debug|Any CPU
		{720FA393-B13C-4726-BD69-431580FEE93F}.Ad-Hoc|iPhoneSimulator.Build.0 = Debug|Any CPU
		{720FA393-B13C-4726-BD69-431580FEE93F}.Ad-Hoc|iPhoneSimulator.Deploy.0 = Debug|Any CPU
		{720FA393-B13C-4726-BD69-431580FEE93F}.AppStore|Any CPU.ActiveCfg = Debug|Any CPU
		{720FA393-B13C-4726-BD69-431580FEE93F}.AppStore|Any CPU.Build.0 = Debug|Any CPU
		{720FA393-B13C-4726-BD69-431580FEE93F}.AppStore|Any CPU.Deploy.0 = Debug|Any CPU
		{720FA393-B13C-4726-BD69-431580FEE93F}.AppStore|iPhone.ActiveCfg = Debug|Any CPU
		{720FA393-B13C-4726-BD69-431580FEE93F}.AppStore|iPhone.Build.0 = Debug|Any CPU
		{720FA393-B13C-4726-BD69-431580FEE93F}.AppStore|iPhone.Deploy.0 = Debug|Any CPU
		{720FA393-B13C-4726-BD69-431580FEE93F}.AppStore|iPhoneSimulator.ActiveCfg = Debug|Any CPU
		{720FA393-B13C-4726-BD69-431580FEE93F}.AppStore|iPhoneSimulator.Build.0 = Debug|Any CPU
		{720FA393-B13C-4726-BD69-431580FEE93F}.AppStore|iPhoneSimulator.Deploy.0 = Debug|Any CPU
		{720FA393-B13C-4726-BD69-431580FEE93F}.Debug|Any CPU.ActiveCfg = Debug|Any CPU
		{720FA393-B13C-4726-BD69-431580FEE93F}.Debug|Any CPU.Build.0 = Debug|Any CPU
		{720FA393-B13C-4726-BD69-431580FEE93F}.Debug|Any CPU.Deploy.0 = Debug|Any CPU
		{720FA393-B13C-4726-BD69-431580FEE93F}.Debug|iPhone.ActiveCfg = Debug|Any CPU
		{720FA393-B13C-4726-BD69-431580FEE93F}.Debug|iPhone.Build.0 = Debug|Any CPU
		{720FA393-B13C-4726-BD69-431580FEE93F}.Debug|iPhone.Deploy.0 = Debug|Any CPU
		{720FA393-B13C-4726-BD69-431580FEE93F}.Debug|iPhoneSimulator.ActiveCfg = Debug|Any CPU
		{720FA393-B13C-4726-BD69-431580FEE93F}.Debug|iPhoneSimulator.Build.0 = Debug|Any CPU
		{720FA393-B13C-4726-BD69-431580FEE93F}.Debug|iPhoneSimulator.Deploy.0 = Debug|Any CPU
		{720FA393-B13C-4726-BD69-431580FEE93F}.Release|Any CPU.ActiveCfg = Release|Any CPU
		{720FA393-B13C-4726-BD69-431580FEE93F}.Release|Any CPU.Build.0 = Release|Any CPU
		{720FA393-B13C-4726-BD69-431580FEE93F}.Release|Any CPU.Deploy.0 = Release|Any CPU
		{720FA393-B13C-4726-BD69-431580FEE93F}.Release|iPhone.ActiveCfg = Release|Any CPU
		{720FA393-B13C-4726-BD69-431580FEE93F}.Release|iPhone.Build.0 = Release|Any CPU
		{720FA393-B13C-4726-BD69-431580FEE93F}.Release|iPhone.Deploy.0 = Release|Any CPU
		{720FA393-B13C-4726-BD69-431580FEE93F}.Release|iPhoneSimulator.ActiveCfg = Release|Any CPU
		{720FA393-B13C-4726-BD69-431580FEE93F}.Release|iPhoneSimulator.Build.0 = Release|Any CPU
		{720FA393-B13C-4726-BD69-431580FEE93F}.Release|iPhoneSimulator.Deploy.0 = Release|Any CPU
	EndGlobalSection
	GlobalSection(SolutionProperties) = preSolution
		HideSolutionNode = FALSE
	EndGlobalSection
	GlobalSection(ExtensibilityGlobals) = postSolution
		SolutionGuid = {110B61EF-2F60-4DF6-955A-E226284AF0A3}
	EndGlobalSection
EndGlobal
